
Microsoft Visual Studio Solution File, Format Version 12.00
# Visual Studio Version 17
VisualStudioVersion = 17.1.32319.34
MinimumVisualStudioVersion = 10.0.40219.1
Project("{FAE04EC0-301F-11D3-BF4B-00C04F79EFBC}") = "UnitTestingxUnit", "UnitTestingxUnitMoq\UnitTestingxUnit.csproj", "{026656EA-FDA9-4722-8A23-AED0580D3098}"
EndProject
Project("{FAE04EC0-301F-11D3-BF4B-00C04F79EFBC}") = "CalculatorApplications", "CalculatorApplications\CalculatorApplications.csproj", "{92481CC5-B8A2-405C-9C67-718C7D4CB84B}"
EndProject
Project("{FAE04EC0-301F-11D3-BF4B-00C04F79EFBC}") = "CalculatorDomain", "CalculatorDomain\CalculatorDomain.csproj", "{A720DBEB-1E35-4B9D-931A-7B4C0C5A16FA}"
EndProject
Project("{FAE04EC0-301F-11D3-BF4B-00C04F79EFBC}") = "CalculatorInfrastructure", "CalculatorInfrastructure\CalculatorInfrastructure.csproj", "{3F2FED08-F905-46C2-B06D-EC3A93402D91}"
EndProject
Project("{FAE04EC0-301F-11D3-BF4B-00C04F79EFBC}") = "xUnitProject", "xUnitProject\xUnitProject.csproj", "{51A54599-8705-48FA-A083-10EF61F332AA}"
EndProject
Global
	GlobalSection(SolutionConfigurationPlatforms) = preSolution
		Debug|Any CPU = Debug|Any CPU
		Release|Any CPU = Release|Any CPU
	EndGlobalSection
	GlobalSection(ProjectConfigurationPlatforms) = postSolution
		{026656EA-FDA9-4722-8A23-AED0580D3098}.Debug|Any CPU.ActiveCfg = Debug|Any CPU
		{026656EA-FDA9-4722-8A23-AED0580D3098}.Debug|Any CPU.Build.0 = Debug|Any CPU
		{026656EA-FDA9-4722-8A23-AED0580D3098}.Release|Any CPU.ActiveCfg = Release|Any CPU
		{026656EA-FDA9-4722-8A23-AED0580D3098}.Release|Any CPU.Build.0 = Release|Any CPU
		{92481CC5-B8A2-405C-9C67-718C7D4CB84B}.Debug|Any CPU.ActiveCfg = Debug|Any CPU
		{92481CC5-B8A2-405C-9C67-718C7D4CB84B}.Debug|Any CPU.Build.0 = Debug|Any CPU
		{92481CC5-B8A2-405C-9C67-718C7D4CB84B}.Release|Any CPU.ActiveCfg = Release|Any CPU
		{92481CC5-B8A2-405C-9C67-718C7D4CB84B}.Release|Any CPU.Build.0 = Release|Any CPU
		{A720DBEB-1E35-4B9D-931A-7B4C0C5A16FA}.Debug|Any CPU.ActiveCfg = Debug|Any CPU
		{A720DBEB-1E35-4B9D-931A-7B4C0C5A16FA}.Debug|Any CPU.Build.0 = Debug|Any CPU
		{A720DBEB-1E35-4B9D-931A-7B4C0C5A16FA}.Release|Any CPU.ActiveCfg = Release|Any CPU
		{A720DBEB-1E35-4B9D-931A-7B4C0C5A16FA}.Release|Any CPU.Build.0 = Release|Any CPU
		{3F2FED08-F905-46C2-B06D-EC3A93402D91}.Debug|Any CPU.ActiveCfg = Debug|Any CPU
		{3F2FED08-F905-46C2-B06D-EC3A93402D91}.Debug|Any CPU.Build.0 = Debug|Any CPU
		{3F2FED08-F905-46C2-B06D-EC3A93402D91}.Release|Any CPU.ActiveCfg = Release|Any CPU
		{3F2FED08-F905-46C2-B06D-EC3A93402D91}.Release|Any CPU.Build.0 = Release|Any CPU
		{51A54599-8705-48FA-A083-10EF61F332AA}.Debug|Any CPU.ActiveCfg = Debug|Any CPU
		{51A54599-8705-48FA-A083-10EF61F332AA}.Debug|Any CPU.Build.0 = Debug|Any CPU
		{51A54599-8705-48FA-A083-10EF61F332AA}.Release|Any CPU.ActiveCfg = Release|Any CPU
		{51A54599-8705-48FA-A083-10EF61F332AA}.Release|Any CPU.Build.0 = Release|Any CPU
	EndGlobalSection
	GlobalSection(SolutionProperties) = preSolution
		HideSolutionNode = FALSE
	EndGlobalSection
	GlobalSection(ExtensibilityGlobals) = postSolution
		SolutionGuid = {CAA74FFC-A5F0-41E7-AE01-49E07B6F0348}
	EndGlobalSection
EndGlobal
